{
  "requires": true,
  "lockfileVersion": 1,
  "dependencies": {
    "@progress/kendo-angular-buttons": {
      "version": "4.3.2",
      "resolved": "https://registry.npmjs.org/@progress/kendo-angular-buttons/-/kendo-angular-buttons-4.3.2.tgz",
      "integrity": "sha512-loBkGjMUQ5OPrRimjk+wJzTcOURvWh4U7t1fVFYLCzXnL0RJwBjXmBdBHaTp+Ur+6d1w8aLTti8PanrzH6ivRQ==",
      "requires": {
        "@progress/kendo-angular-popup": "^2.0.0",
        "@progress/kendo-popup-common": "^1.2.3",
        "@telerik/kendo-draggable": "^1.5.1",
        "tslib": "^1.7.0"
      }
    },
    "@progress/kendo-angular-dateinputs": {
      "version": "3.5.2",
      "resolved": "https://registry.npmjs.org/@progress/kendo-angular-dateinputs/-/kendo-angular-dateinputs-3.5.2.tgz",
      "integrity": "sha512-T2TNuX0OcSokv234dZAydWSOAP9XB3O9AjJpn7LhZT8V1hanbfGQiL9wCfCPqf0k0F9wPrOSWmHA95S+dRSJAA==",
      "requires": {
        "@progress/kendo-angular-popup": "^2.0.0",
        "@progress/kendo-date-math": "^1.1.0",
        "@progress/kendo-schematics": "^0.2.0",
        "tslib": "^1.7.0"
      }
    },
    "@progress/kendo-angular-dropdowns": {
      "version": "3.4.1",
      "resolved": "https://registry.npmjs.org/@progress/kendo-angular-dropdowns/-/kendo-angular-dropdowns-3.4.1.tgz",
      "integrity": "sha512-+YmQDRTxd0HJt1/VmPzIkDaisIUDODt+J170+2spHSjqKA4xJLWkpJaerus4YdJGvZ8HyJz3PLntSGOISFJeEw==",
      "requires": {
        "@progress/kendo-angular-popup": "^2.0.0",
        "@progress/kendo-angular-resize-sensor": "^3.1.2",
        "@progress/kendo-schematics": "^0.2.0",
        "tslib": "^1.7.0"
      }
    },
    "@progress/kendo-angular-excel-export": {
      "version": "2.2.0",
      "resolved": "https://registry.npmjs.org/@progress/kendo-angular-excel-export/-/kendo-angular-excel-export-2.2.0.tgz",
      "integrity": "sha512-YHDskvNi+OTZIWoo5uyNTN3qHxtS7WE5Cl8RCR8vsSTwqUualnG94WFx7HMaekHRM03aM3XFjwcka5pMCnmU7w==",
      "requires": {
        "@progress/kendo-file-saver": "^1.0.0",
        "@progress/kendo-ooxml": "^1.1.4",
        "@progress/kendo-schematics": "^0.2.0",
        "tslib": "^1.7.0"
      }
    },
    "@progress/kendo-angular-grid": {
      "version": "3.10.2",
      "resolved": "https://registry.npmjs.org/@progress/kendo-angular-grid/-/kendo-angular-grid-3.10.2.tgz",
      "integrity": "sha512-/gIWOaVFScFl5hoe5AydV+r8Xmwdnq/Pmt6YtZ4tWJwj3Fe6SGstyY86rpyYuOsGenzO95OC0Lqg9gHGTnHTPA==",
      "requires": {
        "@progress/kendo-angular-pdf-export": "^1.0.0",
        "@progress/kendo-angular-resize-sensor": "^3.1.2",
        "@progress/kendo-file-saver": "^1.0.0",
        "@progress/kendo-schematics": "^0.2.1",
        "@telerik/kendo-draggable": "^1.9.0",
        "tslib": "^1.7.0"
      }
    },
    "@progress/kendo-angular-inputs": {
      "version": "3.5.0",
      "resolved": "https://registry.npmjs.org/@progress/kendo-angular-inputs/-/kendo-angular-inputs-3.5.0.tgz",
      "integrity": "sha512-bAKol5YHlzYqTiswImpgkaeoJS5LSM/e3lSmqKBMlPwm9QAACxvzJkuPCeOcA9ODyJK1x3bimix1U/0fp3tgcw==",
      "requires": {
        "@progress/kendo-angular-resize-sensor": "^3.1.2",
        "@progress/kendo-common": "^0.1.1",
        "@progress/kendo-schematics": "^0.2.0",
        "@telerik/kendo-draggable": "^1.5.1",
        "@telerik/kendo-inputs-common": "^2.2.2",
        "tslib": "^1.7.0"
      }
    },
    "@progress/kendo-angular-intl": {
      "version": "1.6.1",
      "resolved": "https://registry.npmjs.org/@progress/kendo-angular-intl/-/kendo-angular-intl-1.6.1.tgz",
      "integrity": "sha512-s5p4awEM8hBrmqYFL5O/NLJRbUTaoowzdKVWGNSHHoYSJhbWfCDIEKf+u46EYjDzxu5w0HnijUW+2fqvmRw4YA==",
      "requires": {
        "@telerik/kendo-intl": "^1.3.0",
        "tslib": "^1.7.0"
      }
    },
    "@progress/kendo-angular-l10n": {
      "version": "1.3.0",
      "resolved": "https://registry.npmjs.org/@progress/kendo-angular-l10n/-/kendo-angular-l10n-1.3.0.tgz",
      "integrity": "sha512-IoHUXqV+taRx2Bo2qcisBlvXI2IX72Z+69gx8z++VHkG8sccxG7AnuZ7zB/uY31VNhZUh7ZvRbuXx08zFxg8bg==",
      "requires": {
        "tslib": "^1.7.0"
      }
    },
    "@progress/kendo-angular-pdf-export": {
      "version": "1.2.0",
      "resolved": "https://registry.npmjs.org/@progress/kendo-angular-pdf-export/-/kendo-angular-pdf-export-1.2.0.tgz",
      "integrity": "sha512-ZQrlHsPr4ePzcauLRbnWvKuAssla1RGIISLfIqWpQ44Yf2xMwsnHEUaTS4d+g4/Y5a1cnYIuVElpTcViTTpSVw==",
      "requires": {
        "@progress/kendo-file-saver": "^1.0.1",
        "@progress/kendo-schematics": "^0.2.0",
        "tslib": "^1.7.0"
      }
    },
    "@progress/kendo-angular-popup": {
      "version": "2.5.0",
      "resolved": "https://registry.npmjs.org/@progress/kendo-angular-popup/-/kendo-angular-popup-2.5.0.tgz",
      "integrity": "sha512-RDBM3i/cTadCAncxclQE0RDYGV96dipryNmaKVXaHFH6qgQTH023ZEsjd47/8zBt6S1HAWAD9opr55gzjskMkg==",
      "requires": {
        "@progress/kendo-popup-common": "^1.6.0",
        "@progress/kendo-schematics": "^0.2.0",
        "tslib": "^1.7.0"
      }
    },
    "@progress/kendo-angular-resize-sensor": {
      "version": "3.1.2",
      "resolved": "https://registry.npmjs.org/@progress/kendo-angular-resize-sensor/-/kendo-angular-resize-sensor-3.1.2.tgz",
      "integrity": "sha512-Wf9HS6zSGGo19dJBYin6PGYs87pqqpgFjDHKSCj+qZqAQRcnTHfGZMz1JvRNOZIVyS7mUFIbRZxP486e9vvTSA==",
      "requires": {
        "tslib": "^1.7.0"
      }
    },
    "@progress/kendo-common": {
      "version": "0.1.1",
      "resolved": "https://registry.npmjs.org/@progress/kendo-common/-/kendo-common-0.1.1.tgz",
      "integrity": "sha512-ekEjcFsL3eBHWjh+cO+I/d2RVN7P2pDBI903jmp/dj0ojV3eu+V0u/AYWmvrNEqjeax4sx+qhSnO5iJNB391iQ==",
      "requires": {
        "tslib": "^1.7.0"
      }
    },
    "@progress/kendo-data-query": {
      "version": "1.5.0",
      "resolved": "https://registry.npmjs.org/@progress/kendo-data-query/-/kendo-data-query-1.5.0.tgz",
      "integrity": "sha512-/uEE+5FUjQ/NGnGPZSr+7lLHN/5QAf9E/tWjLyVuNM/UyLfc9Q8QlLQmEL16ML8FiE0JssgIwbnOtkrSUO6O7Q==",
      "requires": {
        "tslib": "^1.7.0"
      }
    },
    "@progress/kendo-date-math": {
      "version": "1.3.2",
      "resolved": "https://registry.npmjs.org/@progress/kendo-date-math/-/kendo-date-math-1.3.2.tgz",
      "integrity": "sha512-9pISO7y7gdtR4LqiH/9tt5zDETK+m5HwVokAkBtUKTO+rFPPGK7bEQ3wB/WmE2ZGWsLktQxfbVHCLIlKb6K+Ww==",
      "requires": {
        "tslib": "^1.7.0"
      }
    },
    "@progress/kendo-drawing": {
      "version": "1.5.7",
      "resolved": "https://registry.npmjs.org/@progress/kendo-drawing/-/kendo-drawing-1.5.7.tgz",
      "integrity": "sha512-0Vej4gGWkTPQSXfcqa/uDVafME0w7P4nTUl/Nm389VHdZYP2J8m/AYbQkFQxCvhcgA3mpTpsSs597skGONta1A==",
      "requires": {
        "pako": "^1.0.5"
      }
    },
    "@progress/kendo-file-saver": {
      "version": "1.0.7",
      "resolved": "https://registry.npmjs.org/@progress/kendo-file-saver/-/kendo-file-saver-1.0.7.tgz",
      "integrity": "sha512-8tsho/+DATzfTW4BBaHrkF3C3jqH2/bQ+XbjqA0KfmTiBRVK6ygK+tkvkYeDhFlQBbJ02MmJlEC6OmXvXRFkUg=="
    },
    "@progress/kendo-ooxml": {
      "version": "1.1.4",
      "resolved": "https://registry.npmjs.org/@progress/kendo-ooxml/-/kendo-ooxml-1.1.4.tgz",
      "integrity": "sha512-eUCIXPwraQiKwOqaWBZb4MFWU7gpSdqHql4scDIFQtkwC8pqK9mYDoq6zH1dxiIltWhkk2tfse1d/s7sNDkKOQ==",
      "requires": {
        "jszip": "^3.1.0"
      }
    },
    "@progress/kendo-popup-common": {
      "version": "1.6.0",
      "resolved": "https://registry.npmjs.org/@progress/kendo-popup-common/-/kendo-popup-common-1.6.0.tgz",
      "integrity": "sha512-b560fcHaLrTmuap6POKpheoIQMJYbea+p7rKX2GOGZrxT2AGNxyWIHoi2nISxSbziCW2MB0R9LqAxAFXu4qymQ=="
    },
    "@progress/kendo-schematics": {
      "version": "0.2.5",
      "resolved": "https://registry.npmjs.org/@progress/kendo-schematics/-/kendo-schematics-0.2.5.tgz",
      "integrity": "sha512-F9ZXPhDoHGQ5MIUTGn7NkEgX5RV6eBfLVtv0yOCKxZpTF6VkYWAnKFYhQFCFgHJsDGPMZtcT2hB1MHntIYIipA=="
    },
    "@telerik/kendo-draggable": {
      "version": "1.9.0",
      "resolved": "https://registry.npmjs.org/@telerik/kendo-draggable/-/kendo-draggable-1.9.0.tgz",
      "integrity": "sha512-B5zi4iLQdaSvpF0dFi1/u8Ej037nTsqTkW+FaZxyhCawfR+b1d8OSw9nQZtSeFW7VYvHwElPKCYXgV50NLMzrA=="
    },
    "@telerik/kendo-inputs-common": {
      "version": "2.3.2",
      "resolved": "https://registry.npmjs.org/@telerik/kendo-inputs-common/-/kendo-inputs-common-2.3.2.tgz",
      "integrity": "sha1-SK07ITdVbdCrcznkEPKTHjxlo7Y="
    },
    "@telerik/kendo-intl": {
      "version": "1.4.4",
      "resolved": "https://registry.npmjs.org/@telerik/kendo-intl/-/kendo-intl-1.4.4.tgz",
      "integrity": "sha512-aALwrLRyWLo5P6Tk9PJPXpZlsooud/6laMNULffD7cPsgO7LSFOFcCWw+ESSYc7FRu6n70y0+wheGGemA7F9kA=="
    },
    "core-js": {
      "version": "2.3.0",
      "resolved": "https://registry.npmjs.org/core-js/-/core-js-2.3.0.tgz",
      "integrity": "sha1-+rg/uwstjchfpjbEudNMdUIMbWU="
    },
    "core-util-is": {
      "version": "1.0.2",
      "resolved": "https://registry.npmjs.org/core-util-is/-/core-util-is-1.0.2.tgz",
      "integrity": "sha1-tf1UIgqivFq1eqtxQMlAdUUDwac="
    },
    "es6-promise": {
      "version": "3.0.2",
      "resolved": "https://registry.npmjs.org/es6-promise/-/es6-promise-3.0.2.tgz",
      "integrity": "sha1-AQ1YWEI6XxGJeWZfRkhqlcbuK7Y="
    },
    "immediate": {
      "version": "3.0.6",
      "resolved": "https://registry.npmjs.org/immediate/-/immediate-3.0.6.tgz",
      "integrity": "sha1-nbHb0Pr43m++D13V5Wu2BigN5ps="
    },
    "inherits": {
      "version": "2.0.3",
      "resolved": "https://registry.npmjs.org/inherits/-/inherits-2.0.3.tgz",
      "integrity": "sha1-Yzwsg+PaQqUC9SRmAiSA9CCCYd4="
    },
    "isarray": {
      "version": "1.0.0",
      "resolved": "https://registry.npmjs.org/isarray/-/isarray-1.0.0.tgz",
      "integrity": "sha1-u5NdSFgsuhaMBoNJV6VKPgcSTxE="
    },
    "jszip": {
      "version": "3.1.5",
      "resolved": "https://registry.npmjs.org/jszip/-/jszip-3.1.5.tgz",
      "integrity": "sha512-5W8NUaFRFRqTOL7ZDDrx5qWHJyBXy6velVudIzQUSoqAAYqzSh2Z7/m0Rf1QbmQJccegD0r+YZxBjzqoBiEeJQ==",
      "requires": {
        "core-js": "~2.3.0",
        "es6-promise": "~3.0.2",
        "lie": "~3.1.0",
        "pako": "~1.0.2",
        "readable-stream": "~2.0.6"
      }
    },
    "lie": {
      "version": "3.1.1",
      "resolved": "https://registry.npmjs.org/lie/-/lie-3.1.1.tgz",
      "integrity": "sha1-mkNrLMd0bKWd56QfpGmz77dr2H4=",
      "requires": {
        "immediate": "~3.0.5"
      }
    },
    "pako": {
      "version": "1.0.7",
      "resolved": "https://registry.npmjs.org/pako/-/pako-1.0.7.tgz",
      "integrity": "sha512-3HNK5tW4x8o5mO8RuHZp3Ydw9icZXx0RANAOMzlMzx7LVXhMJ4mo3MOBpzyd7r/+RUu8BmndP47LXT+vzjtWcQ=="
    },
    "process-nextick-args": {
      "version": "1.0.7",
      "resolved": "https://registry.npmjs.org/process-nextick-args/-/process-nextick-args-1.0.7.tgz",
      "integrity": "sha1-FQ4gt1ZZCtP5EJPyWk8q2L/zC6M="
    },
    "readable-stream": {
      "version": "2.0.6",
      "resolved": "https://registry.npmjs.org/readable-stream/-/readable-stream-2.0.6.tgz",
      "integrity": "sha1-j5A0HmilPMySh4jaz80Rs265t44=",
      "requires": {
        "core-util-is": "~1.0.0",
        "inherits": "~2.0.1",
        "isarray": "~1.0.0",
        "process-nextick-args": "~1.0.6",
        "string_decoder": "~0.10.x",
        "util-deprecate": "~1.0.1"
      }
    },
    "rxjs": {
      "version": "5.5.12",
      "resolved": "https://registry.npmjs.org/rxjs/-/rxjs-5.5.12.tgz",
      "integrity": "sha512-xx2itnL5sBbqeeiVgNPVuQQ1nC8Jp2WfNJhXWHmElW9YmrpS9UVnNzhP3EH3HFqexO5Tlp8GhYY+WEcqcVMvGw==",
      "requires": {
        "symbol-observable": "1.0.1"
      }
    },
    "string_decoder": {
      "version": "0.10.31",
      "resolved": "http://registry.npmjs.org/string_decoder/-/string_decoder-0.10.31.tgz",
      "integrity": "sha1-YuIDvEF2bGwoyfyEMB2rHFMQ+pQ="
    },
    "symbol-observable": {
      "version": "1.0.1",
      "resolved": "https://registry.npmjs.org/symbol-observable/-/symbol-observable-1.0.1.tgz",
      "integrity": "sha1-g0D8RwLDEi310iKI+IKD9RPT/dQ="
    },
    "tslib": {
      "version": "1.9.3",
      "resolved": "https://registry.npmjs.org/tslib/-/tslib-1.9.3.tgz",
      "integrity": "sha512-4krF8scpejhaOgqzBEcGM7yDIEfi0/8+8zDRZhNZZ2kjmHJ4hv3zCbQWxoJGz1iw5U0Jl0nma13xzHXcncMavQ=="
    },
    "util-deprecate": {
      "version": "1.0.2",
      "resolved": "https://registry.npmjs.org/util-deprecate/-/util-deprecate-1.0.2.tgz",
      "integrity": "sha1-RQ1Nyfpw3nMnYvvS1KKJgUGaDM8="
    }
  }
}
